// !$*UTF8*$!
{
	archiveVersion = 1;
	classes = {
	};
	objectVersion = 50;
	objects = {

/* Begin PBXBuildFile section */
		91907E3423FED596002EEBB3 /* AppDelegate.swift in Sources */ = {isa = PBXBuildFile; fileRef = 91907E3323FED596002EEBB3 /* AppDelegate.swift */; };
		91907E3623FED596002EEBB3 /* SceneDelegate.swift in Sources */ = {isa = PBXBuildFile; fileRef = 91907E3523FED596002EEBB3 /* SceneDelegate.swift */; };
		91907E3823FED596002EEBB3 /* ViewController.swift in Sources */ = {isa = PBXBuildFile; fileRef = 91907E3723FED596002EEBB3 /* ViewController.swift */; };
		91907E3B23FED596002EEBB3 /* Main.storyboard in Resources */ = {isa = PBXBuildFile; fileRef = 91907E3923FED596002EEBB3 /* Main.storyboard */; };
		91907E3D23FED597002EEBB3 /* Assets.xcassets in Resources */ = {isa = PBXBuildFile; fileRef = 91907E3C23FED597002EEBB3 /* Assets.xcassets */; };
		91907E4023FED597002EEBB3 /* LaunchScreen.storyboard in Resources */ = {isa = PBXBuildFile; fileRef = 91907E3E23FED597002EEBB3 /* LaunchScreen.storyboard */; };
		91907EC123FED96E002EEBB3 /* Feistel.swift in Sources */ = {isa = PBXBuildFile; fileRef = 91907EC023FED96E002EEBB3 /* Feistel.swift */; };
/* End PBXBuildFile section */

/* Begin PBXFileReference section */
		91907E3023FED596002EEBB3 /* FeistelSame.app */ = {isa = PBXFileReference; explicitFileType = wrapper.application; includeInIndex = 0; path = FeistelSame.app; sourceTree = BUILT_PRODUCTS_DIR; };
		91907E3323FED596002EEBB3 /* AppDelegate.swift */ = {isa = PBXFileReference; lastKnownFileType = sourcecode.swift; path = AppDelegate.swift; sourceTree = "<group>"; };
		91907E3523FED596002EEBB3 /* SceneDelegate.swift */ = {isa = PBXFileReference; lastKnownFileType = sourcecode.swift; path = SceneDelegate.swift; sourceTree = "<group>"; };
		91907E3723FED596002EEBB3 /* ViewController.swift */ = {isa = PBXFileReference; lastKnownFileType = sourcecode.swift; path = ViewController.swift; sourceTree = "<group>"; };
		91907E3A23FED596002EEBB3 /* Base */ = {isa = PBXFileReference; lastKnownFileType = file.storyboard; name = Base; path = Base.lproj/Main.storyboard; sourceTree = "<group>"; };
		91907E3C23FED597002EEBB3 /* Assets.xcassets */ = {isa = PBXFileReference; lastKnownFileType = folder.assetcatalog; path = Assets.xcassets; sourceTree = "<group>"; };
		91907E3F23FED597002EEBB3 /* Base */ = {isa = PBXFileReference; lastKnownFileType = file.storyboard; name = Base; path = Base.lproj/LaunchScreen.storyboard; sourceTree = "<group>"; };
		91907E4123FED597002EEBB3 /* Info.plist */ = {isa = PBXFileReference; lastKnownFileType = text.plist.xml; path = Info.plist; sourceTree = "<group>"; };
		91907EC023FED96E002EEBB3 /* Feistel.swift */ = {isa = PBXFileReference; fileEncoding = 4; lastKnownFileType = sourcecode.swift; name = Feistel.swift; path = ../../../../Sources/Feistel.swift; sourceTree = "<group>"; };
/* End PBXFileReference section */

/* Begin PBXFrameworksBuildPhase section */
		91907E2D23FED596002EEBB3 /* Frameworks */ = {
			isa = PBXFrameworksBuildPhase;
			buildActionMask = 2147483647;
			files = (
			);
			runOnlyForDeploymentPostprocessing = 0;
		};
/* End PBXFrameworksBuildPhase section */

/* Begin PBXGroup section */
		91907E2723FED596002EEBB3 = {
			isa = PBXGroup;
			children = (
				91907E3223FED596002EEBB3 /* FeistelSample */,
				91907E3123FED596002EEBB3 /* Products */,
			);
			sourceTree = "<group>";
		};
		91907E3123FED596002EEBB3 /* Products */ = {
			isa = PBXGroup;
			children = (
				91907E3023FED596002EEBB3 /* FeistelSame.app */,
			);
			name = Products;
			sourceTree = "<group>";
		};
		91907E3223FED596002EEBB3 /* FeistelSample */ = {
			isa = PBXGroup;
			children = (
				91907E4723FED59D002EEBB3 /* Sources */,
				91907E3323FED596002EEBB3 /* AppDelegate.swift */,
				91907E3523FED596002EEBB3 /* SceneDelegate.swift */,
				91907E3723FED596002EEBB3 /* ViewController.swift */,
				91907E3923FED596002EEBB3 /* Main.storyboard */,
				91907E3C23FED597002EEBB3 /* Assets.xcassets */,
				91907E3E23FED597002EEBB3 /* LaunchScreen.storyboard */,
				91907E4123FED597002EEBB3 /* Info.plist */,
			);
			path = FeistelSample;
			sourceTree = "<group>";
		};
		91907E4723FED59D002EEBB3 /* Sources */ = {
			isa = PBXGroup;
			children = (
				91907EC023FED96E002EEBB3 /* Feistel.swift */,
			);
			path = Sources;
			sourceTree = "<group>";
		};
/* End PBXGroup section */

/* Begin PBXNativeTarget section */
		91907E2F23FED596002EEBB3 /* FeistelSame */ = {
			isa = PBXNativeTarget;
			buildConfigurationList = 91907E4423FED597002EEBB3 /* Build configuration list for PBXNativeTarget "FeistelSame" */;
			buildPhases = (
				91907E2C23FED596002EEBB3 /* Sources */,
				91907E2D23FED596002EEBB3 /* Frameworks */,
				91907E2E23FED596002EEBB3 /* Resources */,
			);
			buildRules = (
			);
			dependencies = (
			);
			name = FeistelSame;
			productName = FeistelSame;
			productReference = 91907E3023FED596002EEBB3 /* FeistelSame.app */;
			productType = "com.apple.product-type.application";
		};
/* End PBXNativeTarget section */

/* Begin PBXProject section */
		91907E2823FED596002EEBB3 /* Project object */ = {
			isa = PBXProject;
			attributes = {
				LastSwiftUpdateCheck = 1130;
				LastUpgradeCheck = 1130;
				ORGANIZATIONNAME = "William Vabrinskas";
				TargetAttributes = {
					91907E2F23FED596002EEBB3 = {
						CreatedOnToolsVersion = 11.3.1;
					};
				};
			};
			buildConfigurationList = 91907E2B23FED596002EEBB3 /* Build configuration list for PBXProject "FeistelSample" */;
			compatibilityVersion = "Xcode 9.3";
			developmentRegion = en;
			hasScannedForEncodings = 0;
			knownRegions = (
				en,
				Base,
			);
			mainGroup = 91907E2723FED596002EEBB3;
			productRefGroup = 91907E3123FED596002EEBB3 /* Products */;
			projectDirPath = "";
			projectRoot = "";
			targets = (
				91907E2F23FED596002EEBB3 /* FeistelSame */,
			);
		};
/* End PBXProject section */

/* Begin PBXResourcesBuildPhase section */
		91907E2E23FED596002EEBB3 /* Resources */ = {
			isa = PBXResourcesBuildPhase;
			buildActionMask = 2147483647;
			files = (
				91907E4023FED597002EEBB3 /* LaunchScreen.storyboard in Resources */,
				91907E3D23FED597002EEBB3 /* Assets.xcassets in Resources */,
				91907E3B23FED596002EEBB3 /* Main.storyboard in Resources */,
			);
			runOnlyForDeploymentPostprocessing = 0;
		};
/* End PBXResourcesBuildPhase section */

/* Begin PBXSourcesBuildPhase section */
		91907E2C23FED596002EEBB3 /* Sources */ = {
			isa = PBXSourcesBuildPhase;
			buildActionMask = 2147483647;
			files = (
				91907E3823FED596002EEBB3 /* ViewController.swift in Sources */,
				91907EC123FED96E002EEBB3 /* Feistel.swift in Sources */,
				91907E3423FED596002EEBB3 /* AppDelegate.swift in Sources */,
				91907E3623FED596002EEBB3 /* SceneDelegate.swift in Sources */,
			);
			runOnlyForDeploymentPostprocessing = 0;
		};
/* End PBXSourcesBuildPhase section */

/* Begin PBXVariantGroup section */
		91907E3923FED596002EEBB3 /* Main.storyboard */ = {
			isa = PBXVariantGroup;
			children = (
				91907E3A23FED596002EEBB3 /* Base */,
			);
			name = Main.storyboard;
			sourceTree = "<group>";
		};
		91907E3E23FED597002EEBB3 /* LaunchScreen.storyboard */ = {
			isa = PBXVariantGroup;
			children = (
				91907E3F23FED597002EEBB3 /* Base */,
			);
			name = LaunchScreen.storyboard;
			sourceTree = "<group>";
		};
/* End PBXVariantGroup section */

/* Begin XCBuildConfiguration section */
		91907E4223FED597002EEBB3 /* Debug */ = {
			isa = XCBuildConfiguration;
			buildSettings = {
				ALWAYS_SEARCH_USER_PATHS = NO;
				CLANG_ANALYZER_NONNULL = YES;
				CLANG_ANALYZER_NUMBER_OBJECT_CONVERSION = YES_AGGRESSIVE;
				CLANG_CXX_LANGUAGE_STANDARD = "gnu++14";
				CLANG_CXX_LIBRARY = "libc++";
				CLANG_ENABLE_MODULES = YES;
				CLANG_ENABLE_OBJC_ARC = YES;
				CLANG_ENABLE_OBJC_WEAK = YES;
				CLANG_WARN_BLOCK_CAPTURE_AUTORELEASING = YES;
				CLANG_WARN_BOOL_CONVERSION = YES;
				CLANG_WARN_COMMA = YES;
				CLANG_WARN_CONSTANT_CONVERSION = YES;
				CLANG_WARN_DEPRECATED_OBJC_IMPLEMENTATIONS = YES;
				CLANG_WARN_DIRECT_OBJC_ISA_USAGE = YES_ERROR;
				CLANG_WARN_DOCUMENTATION_COMMENTS = YES;
				CLANG_WARN_EMPTY_BODY = YES;
				CLANG_WARN_ENUM_CONVERSION = YES;
				CLANG_WARN_INFINITE_RECURSION = YES;
				CLANG_WARN_INT_CONVERSION = YES;
				CLANG_WARN_NON_LITERAL_NULL_CONVERSION = YES;
				CLANG_WARN_OBJC_IMPLICIT_RETAIN_SELF = YES;
				CLANG_WARN_OBJC_LITERAL_CONVERSION = YES;
				CLANG_WARN_OBJC_ROOT_CLASS = YES_ERROR;
				CLANG_WARN_RANGE_LOOP_ANALYSIS = YES;
				CLANG_WARN_STRICT_PROTOTYPES = YES;
				CLANG_WARN_SUSPICIOUS_MOVE = YES;
				CLANG_WARN_UNGUARDED_AVAILABILITY = YES_AGGRESSIVE;
				CLANG_WARN_UNREACHABLE_CODE = YES;
				CLANG_WARN__DUPLICATE_METHOD_MATCH = YES;
				COPY_PHASE_STRIP = NO;
				DEBUG_INFORMATION_FORMAT = dwarf;
				ENABLE_STRICT_OBJC_MSGSEND = YES;
				ENABLE_TESTABILITY = YES;
				GCC_C_LANGUAGE_STANDARD = gnu11;
				GCC_DYNAMIC_NO_PIC = NO;
				GCC_NO_COMMON_BLOCKS = YES;
				GCC_OPTIMIZATION_LEVEL = 0;
				GCC_PREPROCESSOR_DEFINITIONS = (
					"DEBUG=1",
					"$(inherited)",
				);
				GCC_WARN_64_TO_32_BIT_CONVERSION = YES;
				GCC_WARN_ABOUT_RETURN_TYPE = YES_ERROR;
				GCC_WARN_UNDECLARED_SELECTOR = YES;
				GCC_WARN_UNINITIALIZED_AUTOS = YES_AGGRESSIVE;
				GCC_WARN_UNUSED_FUNCTION = YES;
				GCC_WARN_UNUSED_VARIABLE = YES;
				IPHONEOS_DEPLOYMENT_TARGET = 13.2;
				MTL_ENABLE_DEBUG_INFO = INCLUDE_SOURCE;
				MTL_FAST_MATH = YES;
				ONLY_ACTIVE_ARCH = YES;
				SDKROOT = iphoneos;
				SWIFT_ACTIVE_COMPILATION_CONDITIONS = DEBUG;
				SWIFT_OPTIMIZATION_LEVEL = "-Onone";
			};
			name = Debug;
		};
		91907E4323FED597002EEBB3 /* Release */ = {
			isa = XCBuildConfiguration;
			buildSettings = {
				ALWAYS_SEARCH_USER_PATHS = NO;
				CLANG_ANALYZER_NONNULL = YES;
				CLANG_ANALYZER_NUMBER_OBJECT_CONVERSION = YES_AGGRESSIVE;
				CLANG_CXX_LANGUAGE_STANDARD = "gnu++14";
				CLANG_CXX_LIBRARY = "libc++";
				CLANG_ENABLE_MODULES = YES;
				CLANG_ENABLE_OBJC_ARC = YES;
				CLANG_ENABLE_OBJC_WEAK = YES;
				CLANG_WARN_BLOCK_CAPTURE_AUTORELEASING = YES;
				CLANG_WARN_BOOL_CONVERSION = YES;
				CLANG_WARN_COMMA = YES;
				CLANG_WARN_CONSTANT_CONVERSION = YES;
				CLANG_WARN_DEPRECATED_OBJC_IMPLEMENTATIONS = YES;
				CLANG_WARN_DIRECT_OBJC_ISA_USAGE = YES_ERROR;
				CLANG_WARN_DOCUMENTATION_COMMENTS = YES;
				CLANG_WARN_EMPTY_BODY = YES;
				CLANG_WARN_ENUM_CONVERSION = YES;
				CLANG_WARN_INFINITE_RECURSION = YES;
				CLANG_WARN_INT_CONVERSION = YES;
				CLANG_WARN_NON_LITERAL_NULL_CONVERSION = YES;
				CLANG_WARN_OBJC_IMPLICIT_RETAIN_SELF = YES;
				CLANG_WARN_OBJC_LITERAL_CONVERSION = YES;
				CLANG_WARN_OBJC_ROOT_CLASS = YES_ERROR;
				CLANG_WARN_RANGE_LOOP_ANALYSIS = YES;
				CLANG_WARN_STRICT_PROTOTYPES = YES;
				CLANG_WARN_SUSPICIOUS_MOVE = YES;
				CLANG_WARN_UNGUARDED_AVAILABILITY = YES_AGGRESSIVE;
				CLANG_WARN_UNREACHABLE_CODE = YES;
				CLANG_WARN__DUPLICATE_METHOD_MATCH = YES;
				COPY_PHASE_STRIP = NO;
				DEBUG_INFORMATION_FORMAT = "dwarf-with-dsym";
				ENABLE_NS_ASSERTIONS = NO;
				ENABLE_STRICT_OBJC_MSGSEND = YES;
				GCC_C_LANGUAGE_STANDARD = gnu11;
				GCC_NO_COMMON_BLOCKS = YES;
				GCC_WARN_64_TO_32_BIT_CONVERSION = YES;
				GCC_WARN_ABOUT_RETURN_TYPE = YES_ERROR;
				GCC_WARN_UNDECLARED_SELECTOR = YES;
				GCC_WARN_UNINITIALIZED_AUTOS = YES_AGGRESSIVE;
				GCC_WARN_UNUSED_FUNCTION = YES;
				GCC_WARN_UNUSED_VARIABLE = YES;
				IPHONEOS_DEPLOYMENT_TARGET = 13.2;
				MTL_ENABLE_DEBUG_INFO = NO;
				MTL_FAST_MATH = YES;
				SDKROOT = iphoneos;
				SWIFT_COMPILATION_MODE = wholemodule;
				SWIFT_OPTIMIZATION_LEVEL = "-O";
				VALIDATE_PRODUCT = YES;
			};
			name = Release;
		};
		91907E4523FED597002EEBB3 /* Debug */ = {
			isa = XCBuildConfiguration;
			buildSettings = {
				ASSETCATALOG_COMPILER_APPICON_NAME = AppIcon;
				CODE_SIGN_STYLE = Automatic;
				DEVELOPMENT_TEAM = 24H8222GR4;
				INFOPLIST_FILE = "$(SRCROOT)/FeistelSample/Info.plist";
				LD_RUNPATH_SEARCH_PATHS = (
					"$(inherited)",
					"@executable_path/Frameworks",
				);
				PRODUCT_BUNDLE_IDENTIFIER = com.wvabrinskas.FeistelSame;
				PRODUCT_NAME = "$(TARGET_NAME)";
				SWIFT_VERSION = 5.0;
				TARGETED_DEVICE_FAMILY = "1,2";
			};
			name = Debug;
		};
		91907E4623FED597002EEBB3 /* Release */ = {
			isa = XCBuildConfiguration;
			buildSettings = {
				ASSETCATALOG_COMPILER_APPICON_NAME = AppIcon;
				CODE_SIGN_STYLE = Automatic;
				DEVELOPMENT_TEAM = 24H8222GR4;
				INFOPLIST_FILE = "$(SRCROOT)/FeistelSample/Info.plist";
				LD_RUNPATH_SEARCH_PATHS = (
					"$(inherited)",
					"@executable_path/Frameworks",
				);
				PRODUCT_BUNDLE_IDENTIFIER = com.wvabrinskas.FeistelSame;
				PRODUCT_NAME = "$(TARGET_NAME)";
				SWIFT_VERSION = 5.0;
				TARGETED_DEVICE_FAMILY = "1,2";
			};
			name = Release;
		};
/* End XCBuildConfiguration section */

/* Begin XCConfigurationList section */
		91907E2B23FED596002EEBB3 /* Build configuration list for PBXProject "FeistelSample" */ = {
			isa = XCConfigurationList;
			buildConfigurations = (
				91907E4223FED597002EEBB3 /* Debug */,
				91907E4323FED597002EEBB3 /* Release */,
			);
			defaultConfigurationIsVisible = 0;
			defaultConfigurationName = Release;
		};
		91907E4423FED597002EEBB3 /* Build configuration list for PBXNativeTarget "FeistelSame" */ = {
			isa = XCConfigurationList;
			buildConfigurations = (
				91907E4523FED597002EEBB3 /* Debug */,
				91907E4623FED597002EEBB3 /* Release */,
			);
			defaultConfigurationIsVisible = 0;
			defaultConfigurationName = Release;
		};
/* End XCConfigurationList section */
	};
	rootObject = 91907E2823FED596002EEBB3 /* Project object */;
}
